
Microsoft Visual Studio Solution File, Format Version 12.00
# Visual Studio 2012
Project("{FAE04EC0-301F-11D3-BF4B-00C04F79EFBC}") = "KinectScan", "KinectScan\KinectScan.csproj", "{292D7EA4-D941-4C3B-BA56-34EE7A62D3EE}"
EndProject
Project("{FAE04EC0-301F-11D3-BF4B-00C04F79EFBC}") = "KinectScanContent", "XNAContent\KinectScanContent.contentproj", "{D5722B23-08B5-45EC-9276-88AA2D52A6AC}"
EndProject
Project("{FAE04EC0-301F-11D3-BF4B-00C04F79EFBC}") = "DistortionMapCreator", "DistortionMapCreator\DistortionMapCreator.csproj", "{A99FDA68-5B23-494A-81B9-F97E05FA1B5A}"
EndProject
Project("{FAE04EC0-301F-11D3-BF4B-00C04F79EFBC}") = "CustomControls", "CustomControls\CustomControls.csproj", "{DAB312AB-08F6-4C91-AE04-1AC1704183F5}"
EndProject
Project("{FAE04EC0-301F-11D3-BF4B-00C04F79EFBC}") = "AntiDistortion", "AntiDistortion\AntiDistortion.csproj", "{A3E1D868-34C7-46E1-A7ED-6125C2E53A14}"
EndProject
Project("{FAE04EC0-301F-11D3-BF4B-00C04F79EFBC}") = "ModuleManager", "ModuleManager\ModuleManager.csproj", "{8062A5E7-8A85-4CBB-9975-E3F983F9C691}"
EndProject
Project("{FAE04EC0-301F-11D3-BF4B-00C04F79EFBC}") = "RotatingScanner", "RotatingScanner\RotatingScanner.csproj", "{1064519D-EF86-4D52-9A9A-AC7871B00B97}"
EndProject
Project("{FAE04EC0-301F-11D3-BF4B-00C04F79EFBC}") = "STLTest", "STLTest\STLTest.csproj", "{16AE3573-AC4A-4DE7-8DA3-B8AF1D704D50}"
EndProject
Project("{FAE04EC0-301F-11D3-BF4B-00C04F79EFBC}") = "ExcaliburSecurity", "ExcaliburSecurity\ExcaliburSecurity.csproj", "{74EFF223-D844-4B0D-83E8-FDA526EC5C6B}"
EndProject
Project("{FAE04EC0-301F-11D3-BF4B-00C04F79EFBC}") = "Turntables", "Turntables\Turntables.csproj", "{126148CB-FABD-4B3B-A813-CAABBE42ACB7}"
EndProject
Project("{FAE04EC0-301F-11D3-BF4B-00C04F79EFBC}") = "TurntableTest2", "TurntableTest2\TurntableTest2.csproj", "{524B792A-02CC-428A-BC3F-53A3A5BD1AF8}"
EndProject
Project("{FAE04EC0-301F-11D3-BF4B-00C04F79EFBC}") = "RotatingScannerContent", "RotatingScannerContent\RotatingScannerContent.contentproj", "{CA6016EE-F781-4BB6-A976-77AA10B48B87}"
EndProject
Project("{FAE04EC0-301F-11D3-BF4B-00C04F79EFBC}") = "SecurityTest", "SecurityTest\SecurityTest.csproj", "{5DC774E5-4F2D-4240-BDB4-5A6A004FBD88}"
EndProject
Project("{FAE04EC0-301F-11D3-BF4B-00C04F79EFBC}") = "KinectScanLauncher", "KinectScanLauncher\KinectScanLauncher.csproj", "{27D52E29-6BC9-40A2-AF14-94882500260C}"
EndProject
Global
	GlobalSection(TeamFoundationVersionControl) = preSolution
		SccNumberOfProjects = 15
		SccEnterpriseProvider = {4CA58AB2-18FA-4F8D-95D4-32DDF27D184C}
		SccTeamFoundationServer = https://axodox.visualstudio.com/defaultcollection
		SccLocalPath0 = .
		SccProjectUniqueName1 = AntiDistortion\\AntiDistortion.csproj
		SccProjectName1 = AntiDistortion
		SccLocalPath1 = AntiDistortion
		SccProjectUniqueName2 = CustomControls\\CustomControls.csproj
		SccProjectName2 = CustomControls
		SccLocalPath2 = CustomControls
		SccProjectUniqueName3 = DistortionMapCreator\\DistortionMapCreator.csproj
		SccProjectName3 = DistortionMapCreator
		SccLocalPath3 = DistortionMapCreator
		SccProjectUniqueName4 = ExcaliburSecurity\\ExcaliburSecurity.csproj
		SccProjectName4 = ExcaliburSecurity
		SccLocalPath4 = ExcaliburSecurity
		SccProjectUniqueName5 = KinectScan\\KinectScan.csproj
		SccProjectName5 = KinectScan
		SccLocalPath5 = KinectScan
		SccProjectUniqueName6 = ModuleManager\\ModuleManager.csproj
		SccProjectName6 = ModuleManager
		SccLocalPath6 = ModuleManager
		SccProjectUniqueName7 = RotatingScanner\\RotatingScanner.csproj
		SccProjectName7 = RotatingScanner
		SccLocalPath7 = RotatingScanner
		SccProjectUniqueName8 = STLTest\\STLTest.csproj
		SccProjectName8 = STLTest
		SccLocalPath8 = STLTest
		SccProjectUniqueName9 = Turntables\\Turntables.csproj
		SccProjectName9 = Turntables
		SccLocalPath9 = Turntables
		SccProjectUniqueName10 = TurntableTest2\\TurntableTest2.csproj
		SccProjectName10 = TurntableTest2
		SccLocalPath10 = TurntableTest2
		SccProjectUniqueName11 = RotatingScannerContent\\RotatingScannerContent.contentproj
		SccProjectName11 = RotatingScannerContent
		SccLocalPath11 = RotatingScannerContent
		SccProjectUniqueName12 = XNAContent\\KinectScanContent.contentproj
		SccProjectName12 = XNAContent
		SccLocalPath12 = XNAContent
		SccProjectUniqueName13 = SecurityTest\\SecurityTest.csproj
		SccProjectName13 = SecurityTest
		SccLocalPath13 = SecurityTest
		SccProjectUniqueName14 = KinectScanLauncher\\KinectScanLauncher.csproj
		SccProjectName14 = KinectScanLauncher
		SccLocalPath14 = KinectScanLauncher
	EndGlobalSection
	GlobalSection(SolutionConfigurationPlatforms) = preSolution
		Debug|Any CPU = Debug|Any CPU
		Debug|Mixed Platforms = Debug|Mixed Platforms
		Debug|Win32 = Debug|Win32
		Debug|x86 = Debug|x86
		Release|Any CPU = Release|Any CPU
		Release|Mixed Platforms = Release|Mixed Platforms
		Release|Win32 = Release|Win32
		Release|x86 = Release|x86
	EndGlobalSection
	GlobalSection(ProjectConfigurationPlatforms) = postSolution
		{292D7EA4-D941-4C3B-BA56-34EE7A62D3EE}.Debug|Any CPU.ActiveCfg = Debug|x86
		{292D7EA4-D941-4C3B-BA56-34EE7A62D3EE}.Debug|Mixed Platforms.ActiveCfg = Release|x86
		{292D7EA4-D941-4C3B-BA56-34EE7A62D3EE}.Debug|Mixed Platforms.Build.0 = Release|x86
		{292D7EA4-D941-4C3B-BA56-34EE7A62D3EE}.Debug|Win32.ActiveCfg = Debug|x86
		{292D7EA4-D941-4C3B-BA56-34EE7A62D3EE}.Debug|x86.ActiveCfg = Debug|x86
		{292D7EA4-D941-4C3B-BA56-34EE7A62D3EE}.Debug|x86.Build.0 = Debug|x86
		{292D7EA4-D941-4C3B-BA56-34EE7A62D3EE}.Release|Any CPU.ActiveCfg = Release|x86
		{292D7EA4-D941-4C3B-BA56-34EE7A62D3EE}.Release|Mixed Platforms.ActiveCfg = Release|x86
		{292D7EA4-D941-4C3B-BA56-34EE7A62D3EE}.Release|Mixed Platforms.Build.0 = Release|x86
		{292D7EA4-D941-4C3B-BA56-34EE7A62D3EE}.Release|Win32.ActiveCfg = Release|x86
		{292D7EA4-D941-4C3B-BA56-34EE7A62D3EE}.Release|x86.ActiveCfg = Release|x86
		{292D7EA4-D941-4C3B-BA56-34EE7A62D3EE}.Release|x86.Build.0 = Release|x86
		{D5722B23-08B5-45EC-9276-88AA2D52A6AC}.Debug|Any CPU.ActiveCfg = Debug|Any CPU
		{D5722B23-08B5-45EC-9276-88AA2D52A6AC}.Debug|Mixed Platforms.ActiveCfg = Debug|Any CPU
		{D5722B23-08B5-45EC-9276-88AA2D52A6AC}.Debug|Win32.ActiveCfg = Debug|Any CPU
		{D5722B23-08B5-45EC-9276-88AA2D52A6AC}.Debug|x86.ActiveCfg = Debug|Any CPU
		{D5722B23-08B5-45EC-9276-88AA2D52A6AC}.Release|Any CPU.ActiveCfg = Debug|Any CPU
		{D5722B23-08B5-45EC-9276-88AA2D52A6AC}.Release|Mixed Platforms.ActiveCfg = Debug|Any CPU
		{D5722B23-08B5-45EC-9276-88AA2D52A6AC}.Release|Win32.ActiveCfg = Debug|Any CPU
		{D5722B23-08B5-45EC-9276-88AA2D52A6AC}.Release|x86.ActiveCfg = Debug|Any CPU
		{A99FDA68-5B23-494A-81B9-F97E05FA1B5A}.Debug|Any CPU.ActiveCfg = Debug|x86
		{A99FDA68-5B23-494A-81B9-F97E05FA1B5A}.Debug|Mixed Platforms.ActiveCfg = Debug|x86
		{A99FDA68-5B23-494A-81B9-F97E05FA1B5A}.Debug|Mixed Platforms.Build.0 = Debug|x86
		{A99FDA68-5B23-494A-81B9-F97E05FA1B5A}.Debug|Win32.ActiveCfg = Debug|x86
		{A99FDA68-5B23-494A-81B9-F97E05FA1B5A}.Debug|x86.ActiveCfg = Debug|x86
		{A99FDA68-5B23-494A-81B9-F97E05FA1B5A}.Debug|x86.Build.0 = Debug|x86
		{A99FDA68-5B23-494A-81B9-F97E05FA1B5A}.Release|Any CPU.ActiveCfg = Release|x86
		{A99FDA68-5B23-494A-81B9-F97E05FA1B5A}.Release|Mixed Platforms.ActiveCfg = Release|x86
		{A99FDA68-5B23-494A-81B9-F97E05FA1B5A}.Release|Mixed Platforms.Build.0 = Release|x86
		{A99FDA68-5B23-494A-81B9-F97E05FA1B5A}.Release|Win32.ActiveCfg = Release|x86
		{A99FDA68-5B23-494A-81B9-F97E05FA1B5A}.Release|x86.ActiveCfg = Release|x86
		{A99FDA68-5B23-494A-81B9-F97E05FA1B5A}.Release|x86.Build.0 = Release|x86
		{DAB312AB-08F6-4C91-AE04-1AC1704183F5}.Debug|Any CPU.ActiveCfg = Debug|Any CPU
		{DAB312AB-08F6-4C91-AE04-1AC1704183F5}.Debug|Any CPU.Build.0 = Debug|Any CPU
		{DAB312AB-08F6-4C91-AE04-1AC1704183F5}.Debug|Mixed Platforms.ActiveCfg = Debug|Any CPU
		{DAB312AB-08F6-4C91-AE04-1AC1704183F5}.Debug|Mixed Platforms.Build.0 = Debug|Any CPU
		{DAB312AB-08F6-4C91-AE04-1AC1704183F5}.Debug|Win32.ActiveCfg = Debug|Any CPU
		{DAB312AB-08F6-4C91-AE04-1AC1704183F5}.Debug|x86.ActiveCfg = Debug|Any CPU
		{DAB312AB-08F6-4C91-AE04-1AC1704183F5}.Release|Any CPU.ActiveCfg = Release|Any CPU
		{DAB312AB-08F6-4C91-AE04-1AC1704183F5}.Release|Any CPU.Build.0 = Release|Any CPU
		{DAB312AB-08F6-4C91-AE04-1AC1704183F5}.Release|Mixed Platforms.ActiveCfg = Release|Any CPU
		{DAB312AB-08F6-4C91-AE04-1AC1704183F5}.Release|Mixed Platforms.Build.0 = Release|Any CPU
		{DAB312AB-08F6-4C91-AE04-1AC1704183F5}.Release|Win32.ActiveCfg = Release|Any CPU
		{DAB312AB-08F6-4C91-AE04-1AC1704183F5}.Release|x86.ActiveCfg = Release|Any CPU
		{A3E1D868-34C7-46E1-A7ED-6125C2E53A14}.Debug|Any CPU.ActiveCfg = Debug|Any CPU
		{A3E1D868-34C7-46E1-A7ED-6125C2E53A14}.Debug|Any CPU.Build.0 = Debug|Any CPU
		{A3E1D868-34C7-46E1-A7ED-6125C2E53A14}.Debug|Mixed Platforms.ActiveCfg = Debug|Any CPU
		{A3E1D868-34C7-46E1-A7ED-6125C2E53A14}.Debug|Mixed Platforms.Build.0 = Debug|Any CPU
		{A3E1D868-34C7-46E1-A7ED-6125C2E53A14}.Debug|Win32.ActiveCfg = Debug|Any CPU
		{A3E1D868-34C7-46E1-A7ED-6125C2E53A14}.Debug|x86.ActiveCfg = Debug|Any CPU
		{A3E1D868-34C7-46E1-A7ED-6125C2E53A14}.Release|Any CPU.ActiveCfg = Release|Any CPU
		{A3E1D868-34C7-46E1-A7ED-6125C2E53A14}.Release|Any CPU.Build.0 = Release|Any CPU
		{A3E1D868-34C7-46E1-A7ED-6125C2E53A14}.Release|Mixed Platforms.ActiveCfg = Release|Any CPU
		{A3E1D868-34C7-46E1-A7ED-6125C2E53A14}.Release|Mixed Platforms.Build.0 = Release|Any CPU
		{A3E1D868-34C7-46E1-A7ED-6125C2E53A14}.Release|Win32.ActiveCfg = Release|Any CPU
		{A3E1D868-34C7-46E1-A7ED-6125C2E53A14}.Release|x86.ActiveCfg = Release|Any CPU
		{8062A5E7-8A85-4CBB-9975-E3F983F9C691}.Debug|Any CPU.ActiveCfg = Debug|Any CPU
		{8062A5E7-8A85-4CBB-9975-E3F983F9C691}.Debug|Any CPU.Build.0 = Debug|Any CPU
		{8062A5E7-8A85-4CBB-9975-E3F983F9C691}.Debug|Mixed Platforms.ActiveCfg = Debug|Any CPU
		{8062A5E7-8A85-4CBB-9975-E3F983F9C691}.Debug|Mixed Platforms.Build.0 = Debug|Any CPU
		{8062A5E7-8A85-4CBB-9975-E3F983F9C691}.Debug|Win32.ActiveCfg = Debug|Any CPU
		{8062A5E7-8A85-4CBB-9975-E3F983F9C691}.Debug|x86.ActiveCfg = Debug|Any CPU
		{8062A5E7-8A85-4CBB-9975-E3F983F9C691}.Release|Any CPU.ActiveCfg = Release|Any CPU
		{8062A5E7-8A85-4CBB-9975-E3F983F9C691}.Release|Any CPU.Build.0 = Release|Any CPU
		{8062A5E7-8A85-4CBB-9975-E3F983F9C691}.Release|Mixed Platforms.ActiveCfg = Release|Any CPU
		{8062A5E7-8A85-4CBB-9975-E3F983F9C691}.Release|Mixed Platforms.Build.0 = Release|Any CPU
		{8062A5E7-8A85-4CBB-9975-E3F983F9C691}.Release|Win32.ActiveCfg = Release|Any CPU
		{8062A5E7-8A85-4CBB-9975-E3F983F9C691}.Release|x86.ActiveCfg = Release|Any CPU
		{1064519D-EF86-4D52-9A9A-AC7871B00B97}.Debug|Any CPU.ActiveCfg = Debug|Any CPU
		{1064519D-EF86-4D52-9A9A-AC7871B00B97}.Debug|Any CPU.Build.0 = Debug|Any CPU
		{1064519D-EF86-4D52-9A9A-AC7871B00B97}.Debug|Mixed Platforms.ActiveCfg = Debug|Any CPU
		{1064519D-EF86-4D52-9A9A-AC7871B00B97}.Debug|Mixed Platforms.Build.0 = Debug|Any CPU
		{1064519D-EF86-4D52-9A9A-AC7871B00B97}.Debug|Win32.ActiveCfg = Debug|Any CPU
		{1064519D-EF86-4D52-9A9A-AC7871B00B97}.Debug|x86.ActiveCfg = Debug|Any CPU
		{1064519D-EF86-4D52-9A9A-AC7871B00B97}.Release|Any CPU.ActiveCfg = Release|Any CPU
		{1064519D-EF86-4D52-9A9A-AC7871B00B97}.Release|Any CPU.Build.0 = Release|Any CPU
		{1064519D-EF86-4D52-9A9A-AC7871B00B97}.Release|Mixed Platforms.ActiveCfg = Release|Any CPU
		{1064519D-EF86-4D52-9A9A-AC7871B00B97}.Release|Mixed Platforms.Build.0 = Release|Any CPU
		{1064519D-EF86-4D52-9A9A-AC7871B00B97}.Release|Win32.ActiveCfg = Release|Any CPU
		{1064519D-EF86-4D52-9A9A-AC7871B00B97}.Release|x86.ActiveCfg = Release|Any CPU
		{16AE3573-AC4A-4DE7-8DA3-B8AF1D704D50}.Debug|Any CPU.ActiveCfg = Debug|x86
		{16AE3573-AC4A-4DE7-8DA3-B8AF1D704D50}.Debug|Mixed Platforms.ActiveCfg = Debug|x86
		{16AE3573-AC4A-4DE7-8DA3-B8AF1D704D50}.Debug|Mixed Platforms.Build.0 = Debug|x86
		{16AE3573-AC4A-4DE7-8DA3-B8AF1D704D50}.Debug|Win32.ActiveCfg = Debug|x86
		{16AE3573-AC4A-4DE7-8DA3-B8AF1D704D50}.Debug|x86.ActiveCfg = Debug|x86
		{16AE3573-AC4A-4DE7-8DA3-B8AF1D704D50}.Debug|x86.Build.0 = Debug|x86
		{16AE3573-AC4A-4DE7-8DA3-B8AF1D704D50}.Release|Any CPU.ActiveCfg = Release|x86
		{16AE3573-AC4A-4DE7-8DA3-B8AF1D704D50}.Release|Mixed Platforms.ActiveCfg = Release|x86
		{16AE3573-AC4A-4DE7-8DA3-B8AF1D704D50}.Release|Mixed Platforms.Build.0 = Release|x86
		{16AE3573-AC4A-4DE7-8DA3-B8AF1D704D50}.Release|Win32.ActiveCfg = Release|x86
		{16AE3573-AC4A-4DE7-8DA3-B8AF1D704D50}.Release|x86.ActiveCfg = Release|x86
		{16AE3573-AC4A-4DE7-8DA3-B8AF1D704D50}.Release|x86.Build.0 = Release|x86
		{74EFF223-D844-4B0D-83E8-FDA526EC5C6B}.Debug|Any CPU.ActiveCfg = Debug|Any CPU
		{74EFF223-D844-4B0D-83E8-FDA526EC5C6B}.Debug|Any CPU.Build.0 = Debug|Any CPU
		{74EFF223-D844-4B0D-83E8-FDA526EC5C6B}.Debug|Mixed Platforms.ActiveCfg = Debug|Any CPU
		{74EFF223-D844-4B0D-83E8-FDA526EC5C6B}.Debug|Mixed Platforms.Build.0 = Debug|Any CPU
		{74EFF223-D844-4B0D-83E8-FDA526EC5C6B}.Debug|Win32.ActiveCfg = Debug|Any CPU
		{74EFF223-D844-4B0D-83E8-FDA526EC5C6B}.Debug|x86.ActiveCfg = Debug|Any CPU
		{74EFF223-D844-4B0D-83E8-FDA526EC5C6B}.Release|Any CPU.ActiveCfg = Release|Any CPU
		{74EFF223-D844-4B0D-83E8-FDA526EC5C6B}.Release|Any CPU.Build.0 = Release|Any CPU
		{74EFF223-D844-4B0D-83E8-FDA526EC5C6B}.Release|Mixed Platforms.ActiveCfg = Release|Any CPU
		{74EFF223-D844-4B0D-83E8-FDA526EC5C6B}.Release|Mixed Platforms.Build.0 = Release|Any CPU
		{74EFF223-D844-4B0D-83E8-FDA526EC5C6B}.Release|Mixed Platforms.Deploy.0 = Release|Any CPU
		{74EFF223-D844-4B0D-83E8-FDA526EC5C6B}.Release|Win32.ActiveCfg = Release|Any CPU
		{74EFF223-D844-4B0D-83E8-FDA526EC5C6B}.Release|x86.ActiveCfg = Release|Any CPU
		{126148CB-FABD-4B3B-A813-CAABBE42ACB7}.Debug|Any CPU.ActiveCfg = Debug|Any CPU
		{126148CB-FABD-4B3B-A813-CAABBE42ACB7}.Debug|Any CPU.Build.0 = Debug|Any CPU
		{126148CB-FABD-4B3B-A813-CAABBE42ACB7}.Debug|Mixed Platforms.ActiveCfg = Debug|Any CPU
		{126148CB-FABD-4B3B-A813-CAABBE42ACB7}.Debug|Mixed Platforms.Build.0 = Debug|Any CPU
		{126148CB-FABD-4B3B-A813-CAABBE42ACB7}.Debug|Win32.ActiveCfg = Debug|Any CPU
		{126148CB-FABD-4B3B-A813-CAABBE42ACB7}.Debug|x86.ActiveCfg = Debug|Any CPU
		{126148CB-FABD-4B3B-A813-CAABBE42ACB7}.Release|Any CPU.ActiveCfg = Release|Any CPU
		{126148CB-FABD-4B3B-A813-CAABBE42ACB7}.Release|Any CPU.Build.0 = Release|Any CPU
		{126148CB-FABD-4B3B-A813-CAABBE42ACB7}.Release|Mixed Platforms.ActiveCfg = Release|Any CPU
		{126148CB-FABD-4B3B-A813-CAABBE42ACB7}.Release|Mixed Platforms.Build.0 = Release|Any CPU
		{126148CB-FABD-4B3B-A813-CAABBE42ACB7}.Release|Win32.ActiveCfg = Release|Any CPU
		{126148CB-FABD-4B3B-A813-CAABBE42ACB7}.Release|x86.ActiveCfg = Release|Any CPU
		{524B792A-02CC-428A-BC3F-53A3A5BD1AF8}.Debug|Any CPU.ActiveCfg = Debug|Any CPU
		{524B792A-02CC-428A-BC3F-53A3A5BD1AF8}.Debug|Any CPU.Build.0 = Debug|Any CPU
		{524B792A-02CC-428A-BC3F-53A3A5BD1AF8}.Debug|Mixed Platforms.ActiveCfg = Debug|Any CPU
		{524B792A-02CC-428A-BC3F-53A3A5BD1AF8}.Debug|Mixed Platforms.Build.0 = Debug|Any CPU
		{524B792A-02CC-428A-BC3F-53A3A5BD1AF8}.Debug|Win32.ActiveCfg = Debug|Any CPU
		{524B792A-02CC-428A-BC3F-53A3A5BD1AF8}.Debug|x86.ActiveCfg = Debug|Any CPU
		{524B792A-02CC-428A-BC3F-53A3A5BD1AF8}.Release|Any CPU.ActiveCfg = Release|Any CPU
		{524B792A-02CC-428A-BC3F-53A3A5BD1AF8}.Release|Any CPU.Build.0 = Release|Any CPU
		{524B792A-02CC-428A-BC3F-53A3A5BD1AF8}.Release|Mixed Platforms.ActiveCfg = Release|Any CPU
		{524B792A-02CC-428A-BC3F-53A3A5BD1AF8}.Release|Mixed Platforms.Build.0 = Release|Any CPU
		{524B792A-02CC-428A-BC3F-53A3A5BD1AF8}.Release|Win32.ActiveCfg = Release|Any CPU
		{524B792A-02CC-428A-BC3F-53A3A5BD1AF8}.Release|x86.ActiveCfg = Release|Any CPU
		{CA6016EE-F781-4BB6-A976-77AA10B48B87}.Debug|Any CPU.ActiveCfg = Debug|Any CPU
		{CA6016EE-F781-4BB6-A976-77AA10B48B87}.Debug|Mixed Platforms.ActiveCfg = Debug|Any CPU
		{CA6016EE-F781-4BB6-A976-77AA10B48B87}.Debug|Win32.ActiveCfg = Debug|Any CPU
		{CA6016EE-F781-4BB6-A976-77AA10B48B87}.Debug|x86.ActiveCfg = Debug|Any CPU
		{CA6016EE-F781-4BB6-A976-77AA10B48B87}.Release|Any CPU.ActiveCfg = Debug|Any CPU
		{CA6016EE-F781-4BB6-A976-77AA10B48B87}.Release|Mixed Platforms.ActiveCfg = Debug|Any CPU
		{CA6016EE-F781-4BB6-A976-77AA10B48B87}.Release|Win32.ActiveCfg = Debug|Any CPU
		{CA6016EE-F781-4BB6-A976-77AA10B48B87}.Release|x86.ActiveCfg = Debug|Any CPU
		{5DC774E5-4F2D-4240-BDB4-5A6A004FBD88}.Debug|Any CPU.ActiveCfg = Debug|Any CPU
		{5DC774E5-4F2D-4240-BDB4-5A6A004FBD88}.Debug|Any CPU.Build.0 = Debug|Any CPU
		{5DC774E5-4F2D-4240-BDB4-5A6A004FBD88}.Debug|Mixed Platforms.ActiveCfg = Debug|Any CPU
		{5DC774E5-4F2D-4240-BDB4-5A6A004FBD88}.Debug|Mixed Platforms.Build.0 = Debug|Any CPU
		{5DC774E5-4F2D-4240-BDB4-5A6A004FBD88}.Debug|Win32.ActiveCfg = Debug|Any CPU
		{5DC774E5-4F2D-4240-BDB4-5A6A004FBD88}.Debug|x86.ActiveCfg = Debug|Any CPU
		{5DC774E5-4F2D-4240-BDB4-5A6A004FBD88}.Release|Any CPU.ActiveCfg = Release|Any CPU
		{5DC774E5-4F2D-4240-BDB4-5A6A004FBD88}.Release|Any CPU.Build.0 = Release|Any CPU
		{5DC774E5-4F2D-4240-BDB4-5A6A004FBD88}.Release|Mixed Platforms.ActiveCfg = Release|Any CPU
		{5DC774E5-4F2D-4240-BDB4-5A6A004FBD88}.Release|Mixed Platforms.Build.0 = Release|Any CPU
		{5DC774E5-4F2D-4240-BDB4-5A6A004FBD88}.Release|Win32.ActiveCfg = Release|Any CPU
		{5DC774E5-4F2D-4240-BDB4-5A6A004FBD88}.Release|x86.ActiveCfg = Release|Any CPU
		{27D52E29-6BC9-40A2-AF14-94882500260C}.Debug|Any CPU.ActiveCfg = Debug|x86
		{27D52E29-6BC9-40A2-AF14-94882500260C}.Debug|Mixed Platforms.ActiveCfg = Debug|x86
		{27D52E29-6BC9-40A2-AF14-94882500260C}.Debug|Mixed Platforms.Build.0 = Debug|x86
		{27D52E29-6BC9-40A2-AF14-94882500260C}.Debug|Win32.ActiveCfg = Debug|x86
		{27D52E29-6BC9-40A2-AF14-94882500260C}.Debug|Win32.Build.0 = Debug|x86
		{27D52E29-6BC9-40A2-AF14-94882500260C}.Debug|x86.ActiveCfg = Debug|x86
		{27D52E29-6BC9-40A2-AF14-94882500260C}.Debug|x86.Build.0 = Debug|x86
		{27D52E29-6BC9-40A2-AF14-94882500260C}.Release|Any CPU.ActiveCfg = Release|x86
		{27D52E29-6BC9-40A2-AF14-94882500260C}.Release|Mixed Platforms.ActiveCfg = Release|x86
		{27D52E29-6BC9-40A2-AF14-94882500260C}.Release|Mixed Platforms.Build.0 = Release|x86
		{27D52E29-6BC9-40A2-AF14-94882500260C}.Release|Win32.ActiveCfg = Release|x86
		{27D52E29-6BC9-40A2-AF14-94882500260C}.Release|Win32.Build.0 = Release|x86
		{27D52E29-6BC9-40A2-AF14-94882500260C}.Release|x86.ActiveCfg = Release|x86
		{27D52E29-6BC9-40A2-AF14-94882500260C}.Release|x86.Build.0 = Release|x86
	EndGlobalSection
	GlobalSection(SolutionProperties) = preSolution
		HideSolutionNode = FALSE
	EndGlobalSection
	GlobalSection(Performance) = preSolution
		HasPerformanceSessions = true
	EndGlobalSection
EndGlobal
